{
  "name": "tft",
  "version": "1.0.0",
  "lockfileVersion": 2,
  "requires": true,
  "packages": {
    "": {
      "name": "tft",
      "version": "1.0.0",
      "license": "ISC",
      "dependencies": {
        "lin-ui": "^0.9.12",
        "miniprogram-network": "^5.3.0-alpha.0",
        "weui-miniprogram": "^1.2.4"
      },
      "devDependencies": {}
    },
    "node_modules/lin-ui": {
      "version": "0.9.12",
      "resolved": "https://registry.npmmirror.com/lin-ui/-/lin-ui-0.9.12.tgz",
      "integrity": "sha512-3eXi4VgkxUbjCra8afVndi+bBi4CUrqhvGKt1p56W2zoZbk0c1ZQogX5mGjMpYrD1P2vPWx1Kw1nGipWog/lug=="
    },
    "node_modules/miniprogram-cancel-token": {
      "version": "5.1.2",
      "resolved": "https://registry.npmmirror.com/miniprogram-cancel-token/-/miniprogram-cancel-token-5.1.2.tgz",
      "integrity": "sha512-FuEqPbJNUKQQRcpNxis9uecVpHrjzGp0N9UfTHkQZjJuxP8OOD2fXWRcqFBh6WmitHwfSj4IzVJ+VFSJEglFyg=="
    },
    "node_modules/miniprogram-downloader": {
      "version": "5.3.0-alpha.0",
      "resolved": "https://registry.npmmirror.com/miniprogram-downloader/-/miniprogram-downloader-5.3.0-alpha.0.tgz",
      "integrity": "sha512-WDws+p1fSKB4ZIV/o/WEK/Op3bjwM1DJyQGys64ElozLyceyeOXeQudZKHCkT+yKkJJAQhTbJLnOBqLBR7AG+A==",
      "dependencies": {
        "miniprogram-network-life-cycle": "^5.3.0-alpha.0",
        "miniprogram-network-utils": "^5.3.0-alpha.0"
      }
    },
    "node_modules/miniprogram-network": {
      "version": "5.3.0-alpha.0",
      "resolved": "https://registry.npmmirror.com/miniprogram-network/-/miniprogram-network-5.3.0-alpha.0.tgz",
      "integrity": "sha512-xq0H1YRcvxoX/+Q8dLwXHd+zgXvXF8UO5/gxBzy3YuGTO3JLqjevMOSxhgFBVk59HyLkxkSorW7jOp0JUp/5PA==",
      "dependencies": {
        "miniprogram-downloader": "^5.3.0-alpha.0",
        "miniprogram-network-cache": "^5.3.0-alpha.0",
        "miniprogram-network-utils": "^5.3.0-alpha.0",
        "miniprogram-request": "^5.3.0-alpha.0",
        "miniprogram-uploader": "^5.3.0-alpha.0"
      }
    },
    "node_modules/miniprogram-network-cache": {
      "version": "5.3.0-alpha.0",
      "resolved": "https://registry.npmmirror.com/miniprogram-network-cache/-/miniprogram-network-cache-5.3.0-alpha.0.tgz",
      "integrity": "sha512-DHNQrJ7gW5rUiGkZ+eF/oMbgTsjpXluwRM2QvbGd3XKHkBe335AVBxJSrILtCotSjorz47G8lh+4XFK5rnL2Bg=="
    },
    "node_modules/miniprogram-network-life-cycle": {
      "version": "5.3.0-alpha.0",
      "resolved": "https://registry.npmmirror.com/miniprogram-network-life-cycle/-/miniprogram-network-life-cycle-5.3.0-alpha.0.tgz",
      "integrity": "sha512-HBRlzInzzLYQcXEQKDtrgXj29vvrpPwuy07Sj1MrKs/JBw2ahAolu34/PglhVp/w6d6Y+oPpnptFjO4/bHBVvA==",
      "dependencies": {
        "miniprogram-cancel-token": "^5.1.2",
        "miniprogram-network-utils": "^5.3.0-alpha.0"
      }
    },
    "node_modules/miniprogram-network-utils": {
      "version": "5.3.0-alpha.0",
      "resolved": "https://registry.npmmirror.com/miniprogram-network-utils/-/miniprogram-network-utils-5.3.0-alpha.0.tgz",
      "integrity": "sha512-wnrm3Ii1UHnQuo294FANC2k6v91smaQE4+lz+dYUvlvebrHfFdX7LgUk4BkvcP38Mud/gt+6/XrLMgXou6//xw=="
    },
    "node_modules/miniprogram-request": {
      "version": "5.3.0-alpha.0",
      "resolved": "https://registry.npmmirror.com/miniprogram-request/-/miniprogram-request-5.3.0-alpha.0.tgz",
      "integrity": "sha512-ybwG1rCBWOm/Y92C9nSxasdy2VuKAKdWv//adftXGugo4OYd56NOfzLWXOkIDaydUdpG7qlUZSe19gBXcxCTYQ==",
      "dependencies": {
        "miniprogram-network-life-cycle": "^5.3.0-alpha.0",
        "miniprogram-network-utils": "^5.3.0-alpha.0"
      }
    },
    "node_modules/miniprogram-uploader": {
      "version": "5.3.0-alpha.0",
      "resolved": "https://registry.npmmirror.com/miniprogram-uploader/-/miniprogram-uploader-5.3.0-alpha.0.tgz",
      "integrity": "sha512-KljSAL8VR6M1mn6XSkl3Rivm2DXnlkLITiip+Uw45zFq7ebckwuKhpJrrdWloEXot9EVJBmvKADlIPrQuWo5mA==",
      "dependencies": {
        "miniprogram-network-life-cycle": "^5.3.0-alpha.0",
        "miniprogram-network-utils": "^5.3.0-alpha.0"
      }
    },
    "node_modules/weui-miniprogram": {
      "version": "1.2.4",
      "resolved": "https://registry.npmjs.org/weui-miniprogram/-/weui-miniprogram-1.2.4.tgz",
      "integrity": "sha512-AB/gGPgTJJ0vHxQQNfAwxK4JPjwV+BNGgKSxD7qyI2tLgAfZFqFyx7fPJkfOBYTYJdg38ZPA78YHIgYTyWuGEA=="
    }
  },
  "dependencies": {
    "lin-ui": {
      "version": "0.9.12",
      "resolved": "https://registry.npmmirror.com/lin-ui/-/lin-ui-0.9.12.tgz",
      "integrity": "sha512-3eXi4VgkxUbjCra8afVndi+bBi4CUrqhvGKt1p56W2zoZbk0c1ZQogX5mGjMpYrD1P2vPWx1Kw1nGipWog/lug=="
    },
    "miniprogram-cancel-token": {
      "version": "5.1.2",
      "resolved": "https://registry.npmmirror.com/miniprogram-cancel-token/-/miniprogram-cancel-token-5.1.2.tgz",
      "integrity": "sha512-FuEqPbJNUKQQRcpNxis9uecVpHrjzGp0N9UfTHkQZjJuxP8OOD2fXWRcqFBh6WmitHwfSj4IzVJ+VFSJEglFyg=="
    },
    "miniprogram-downloader": {
      "version": "5.3.0-alpha.0",
      "resolved": "https://registry.npmmirror.com/miniprogram-downloader/-/miniprogram-downloader-5.3.0-alpha.0.tgz",
      "integrity": "sha512-WDws+p1fSKB4ZIV/o/WEK/Op3bjwM1DJyQGys64ElozLyceyeOXeQudZKHCkT+yKkJJAQhTbJLnOBqLBR7AG+A==",
      "requires": {
        "miniprogram-network-life-cycle": "^5.3.0-alpha.0",
        "miniprogram-network-utils": "^5.3.0-alpha.0"
      }
    },
    "miniprogram-network": {
      "version": "5.3.0-alpha.0",
      "resolved": "https://registry.npmmirror.com/miniprogram-network/-/miniprogram-network-5.3.0-alpha.0.tgz",
      "integrity": "sha512-xq0H1YRcvxoX/+Q8dLwXHd+zgXvXF8UO5/gxBzy3YuGTO3JLqjevMOSxhgFBVk59HyLkxkSorW7jOp0JUp/5PA==",
      "requires": {
        "miniprogram-downloader": "^5.3.0-alpha.0",
        "miniprogram-network-cache": "^5.3.0-alpha.0",
        "miniprogram-network-utils": "^5.3.0-alpha.0",
        "miniprogram-request": "^5.3.0-alpha.0",
        "miniprogram-uploader": "^5.3.0-alpha.0"
      }
    },
    "miniprogram-network-cache": {
      "version": "5.3.0-alpha.0",
      "resolved": "https://registry.npmmirror.com/miniprogram-network-cache/-/miniprogram-network-cache-5.3.0-alpha.0.tgz",
      "integrity": "sha512-DHNQrJ7gW5rUiGkZ+eF/oMbgTsjpXluwRM2QvbGd3XKHkBe335AVBxJSrILtCotSjorz47G8lh+4XFK5rnL2Bg=="
    },
    "miniprogram-network-life-cycle": {
      "version": "5.3.0-alpha.0",
      "resolved": "https://registry.npmmirror.com/miniprogram-network-life-cycle/-/miniprogram-network-life-cycle-5.3.0-alpha.0.tgz",
      "integrity": "sha512-HBRlzInzzLYQcXEQKDtrgXj29vvrpPwuy07Sj1MrKs/JBw2ahAolu34/PglhVp/w6d6Y+oPpnptFjO4/bHBVvA==",
      "requires": {
        "miniprogram-cancel-token": "^5.1.2",
        "miniprogram-network-utils": "^5.3.0-alpha.0"
      }
    },
    "miniprogram-network-utils": {
      "version": "5.3.0-alpha.0",
      "resolved": "https://registry.npmmirror.com/miniprogram-network-utils/-/miniprogram-network-utils-5.3.0-alpha.0.tgz",
      "integrity": "sha512-wnrm3Ii1UHnQuo294FANC2k6v91smaQE4+lz+dYUvlvebrHfFdX7LgUk4BkvcP38Mud/gt+6/XrLMgXou6//xw=="
    },
    "miniprogram-request": {
      "version": "5.3.0-alpha.0",
      "resolved": "https://registry.npmmirror.com/miniprogram-request/-/miniprogram-request-5.3.0-alpha.0.tgz",
      "integrity": "sha512-ybwG1rCBWOm/Y92C9nSxasdy2VuKAKdWv//adftXGugo4OYd56NOfzLWXOkIDaydUdpG7qlUZSe19gBXcxCTYQ==",
      "requires": {
        "miniprogram-network-life-cycle": "^5.3.0-alpha.0",
        "miniprogram-network-utils": "^5.3.0-alpha.0"
      }
    },
    "miniprogram-uploader": {
      "version": "5.3.0-alpha.0",
      "resolved": "https://registry.npmmirror.com/miniprogram-uploader/-/miniprogram-uploader-5.3.0-alpha.0.tgz",
      "integrity": "sha512-KljSAL8VR6M1mn6XSkl3Rivm2DXnlkLITiip+Uw45zFq7ebckwuKhpJrrdWloEXot9EVJBmvKADlIPrQuWo5mA==",
      "requires": {
        "miniprogram-network-life-cycle": "^5.3.0-alpha.0",
        "miniprogram-network-utils": "^5.3.0-alpha.0"
      }
    },
    "weui-miniprogram": {
      "version": "1.2.4",
      "resolved": "https://registry.npmjs.org/weui-miniprogram/-/weui-miniprogram-1.2.4.tgz",
      "integrity": "sha512-AB/gGPgTJJ0vHxQQNfAwxK4JPjwV+BNGgKSxD7qyI2tLgAfZFqFyx7fPJkfOBYTYJdg38ZPA78YHIgYTyWuGEA=="
    }
  }
}
