{
  "name": "tft",
  "version": "1.0.0",
  "lockfileVersion": 3,
  "requires": true,
  "packages": {
    "": {
      "name": "tft",
      "version": "1.0.0",
      "license": "ISC",
      "dependencies": {
        "lin-ui": "^0.9.13",
        "miniprogram-network": "5.3.0-alpha.0",
        "miniprogram-request": "5.3.0-alpha.0",
        "spa-custom-hooks": "^1.2.7",
        "tdesign-miniprogram": "^1.2.2"
      },
      "devDependencies": {
        "miniprogram-api-typings": "^3.11.0"
      }
    },
    "node_modules/dayjs": {
      "version": "1.11.9",
      "resolved": "https://mirrors.cloud.tencent.com/npm/dayjs/-/dayjs-1.11.9.tgz",
      "integrity": "sha512-QvzAURSbQ0pKdIye2txOzNaHmxtUBXerpY0FJsFXUMKbIZeFm5ht1LS/jFsrncjnmtv8HsG0W2g6c0zUjZWmpA=="
    },
    "node_modules/lin-ui": {
      "version": "0.9.13",
      "resolved": "https://mirrors.cloud.tencent.com/npm/lin-ui/-/lin-ui-0.9.13.tgz",
      "integrity": "sha512-RFRq1D+jCkhFzVCe/Y4C/NnWEK21ZiY961/HJR3mHmHmdq5IkrNBt/39WsUuWcDPty48WaY/3IipOPBBD+7ttw=="
    },
    "node_modules/miniprogram-api-typings": {
      "version": "3.12.0",
      "resolved": "https://mirrors.cloud.tencent.com/npm/miniprogram-api-typings/-/miniprogram-api-typings-3.12.0.tgz",
      "integrity": "sha512-tE0zjq+3bFEgUROzCjXTdtLY+FmqiTX4kZWXc8bCC7M9wSHCriBz+ga1E2i1PcI+DQJoz2cyK8Cv2exJv6XEzA==",
      "dev": true
    },
    "node_modules/miniprogram-cancel-token": {
      "version": "5.1.2",
      "resolved": "https://mirrors.cloud.tencent.com/npm/miniprogram-cancel-token/-/miniprogram-cancel-token-5.1.2.tgz",
      "integrity": "sha512-FuEqPbJNUKQQRcpNxis9uecVpHrjzGp0N9UfTHkQZjJuxP8OOD2fXWRcqFBh6WmitHwfSj4IzVJ+VFSJEglFyg=="
    },
    "node_modules/miniprogram-downloader": {
      "version": "5.3.0-alpha.0",
      "resolved": "https://mirrors.cloud.tencent.com/npm/miniprogram-downloader/-/miniprogram-downloader-5.3.0-alpha.0.tgz",
      "integrity": "sha512-WDws+p1fSKB4ZIV/o/WEK/Op3bjwM1DJyQGys64ElozLyceyeOXeQudZKHCkT+yKkJJAQhTbJLnOBqLBR7AG+A==",
      "dependencies": {
        "miniprogram-network-life-cycle": "^5.3.0-alpha.0",
        "miniprogram-network-utils": "^5.3.0-alpha.0"
      }
    },
    "node_modules/miniprogram-network": {
      "version": "5.3.0-alpha.0",
      "resolved": "https://mirrors.cloud.tencent.com/npm/miniprogram-network/-/miniprogram-network-5.3.0-alpha.0.tgz",
      "integrity": "sha512-xq0H1YRcvxoX/+Q8dLwXHd+zgXvXF8UO5/gxBzy3YuGTO3JLqjevMOSxhgFBVk59HyLkxkSorW7jOp0JUp/5PA==",
      "dependencies": {
        "miniprogram-downloader": "^5.3.0-alpha.0",
        "miniprogram-network-cache": "^5.3.0-alpha.0",
        "miniprogram-network-utils": "^5.3.0-alpha.0",
        "miniprogram-request": "^5.3.0-alpha.0",
        "miniprogram-uploader": "^5.3.0-alpha.0"
      }
    },
    "node_modules/miniprogram-network-cache": {
      "version": "5.3.0-alpha.0",
      "resolved": "https://mirrors.cloud.tencent.com/npm/miniprogram-network-cache/-/miniprogram-network-cache-5.3.0-alpha.0.tgz",
      "integrity": "sha512-DHNQrJ7gW5rUiGkZ+eF/oMbgTsjpXluwRM2QvbGd3XKHkBe335AVBxJSrILtCotSjorz47G8lh+4XFK5rnL2Bg=="
    },
    "node_modules/miniprogram-network-life-cycle": {
      "version": "5.3.0-alpha.0",
      "resolved": "https://mirrors.cloud.tencent.com/npm/miniprogram-network-life-cycle/-/miniprogram-network-life-cycle-5.3.0-alpha.0.tgz",
      "integrity": "sha512-HBRlzInzzLYQcXEQKDtrgXj29vvrpPwuy07Sj1MrKs/JBw2ahAolu34/PglhVp/w6d6Y+oPpnptFjO4/bHBVvA==",
      "dependencies": {
        "miniprogram-cancel-token": "^5.1.2",
        "miniprogram-network-utils": "^5.3.0-alpha.0"
      }
    },
    "node_modules/miniprogram-network-utils": {
      "version": "5.3.0-alpha.0",
      "resolved": "https://mirrors.cloud.tencent.com/npm/miniprogram-network-utils/-/miniprogram-network-utils-5.3.0-alpha.0.tgz",
      "integrity": "sha512-wnrm3Ii1UHnQuo294FANC2k6v91smaQE4+lz+dYUvlvebrHfFdX7LgUk4BkvcP38Mud/gt+6/XrLMgXou6//xw=="
    },
    "node_modules/miniprogram-request": {
      "version": "5.3.0-alpha.0",
      "resolved": "https://mirrors.cloud.tencent.com/npm/miniprogram-request/-/miniprogram-request-5.3.0-alpha.0.tgz",
      "integrity": "sha512-ybwG1rCBWOm/Y92C9nSxasdy2VuKAKdWv//adftXGugo4OYd56NOfzLWXOkIDaydUdpG7qlUZSe19gBXcxCTYQ==",
      "dependencies": {
        "miniprogram-network-life-cycle": "^5.3.0-alpha.0",
        "miniprogram-network-utils": "^5.3.0-alpha.0"
      }
    },
    "node_modules/miniprogram-uploader": {
      "version": "5.3.0-alpha.0",
      "resolved": "https://mirrors.cloud.tencent.com/npm/miniprogram-uploader/-/miniprogram-uploader-5.3.0-alpha.0.tgz",
      "integrity": "sha512-KljSAL8VR6M1mn6XSkl3Rivm2DXnlkLITiip+Uw45zFq7ebckwuKhpJrrdWloEXot9EVJBmvKADlIPrQuWo5mA==",
      "dependencies": {
        "miniprogram-network-life-cycle": "^5.3.0-alpha.0",
        "miniprogram-network-utils": "^5.3.0-alpha.0"
      }
    },
    "node_modules/spa-custom-hooks": {
      "version": "1.2.7",
      "resolved": "https://mirrors.cloud.tencent.com/npm/spa-custom-hooks/-/spa-custom-hooks-1.2.7.tgz",
      "integrity": "sha512-Mi6u98HkjsXmG8XuDBxMvP1iTJ59w2XhG//F6UVj3Y+s01JvCqaxvLm86T6rnYtSZkICRzkQVQ8HOjYlxkxrsA=="
    },
    "node_modules/tdesign-miniprogram": {
      "version": "1.2.2",
      "resolved": "https://mirrors.cloud.tencent.com/npm/tdesign-miniprogram/-/tdesign-miniprogram-1.2.2.tgz",
      "integrity": "sha512-VLosGP2ACmf9ckPImp8FFzzZUTnxD6kWoTiHjAzuuQJqz66WHcnuBJHNq0yuXRDybehEcbkH4Naln1sPP27j6w==",
      "dependencies": {
        "dayjs": "^1.10.7"
      }
    }
  }
}
